
Microsoft Visual Studio Solution File, Format Version 12.00
# Visual Studio Version 17
VisualStudioVersion = 17.8.34408.163
MinimumVisualStudioVersion = 10.0.40219.1
Project("{FAE04EC0-301F-11D3-BF4B-00C04F79EFBC}") = "Bai1", "Bai1\Bai1.csproj", "{DC49571B-356B-435E-8358-A948C0294CEA}"
EndProject
Global
	GlobalSection(SolutionConfigurationPlatforms) = preSolution
		Debug|Any CPU = Debug|Any CPU
		Release|Any CPU = Release|Any CPU
	EndGlobalSection
	GlobalSection(ProjectConfigurationPlatforms) = postSolution
		{DC49571B-356B-435E-8358-A948C0294CEA}.Debug|Any CPU.ActiveCfg = Debug|Any CPU
		{DC49571B-356B-435E-8358-A948C0294CEA}.Debug|Any CPU.Build.0 = Debug|Any CPU
		{DC49571B-356B-435E-8358-A948C0294CEA}.Release|Any CPU.ActiveCfg = Release|Any CPU
		{DC49571B-356B-435E-8358-A948C0294CEA}.Release|Any CPU.Build.0 = Release|Any CPU
	EndGlobalSection
	GlobalSection(SolutionProperties) = preSolution
		HideSolutionNode = FALSE
	EndGlobalSection
	GlobalSection(ExtensibilityGlobals) = postSolution
		SolutionGuid = {B89DD27C-BA60-46D3-9F1A-6D4F6C600F47}
	EndGlobalSection
EndGlobal
